// !$*UTF8*$!
{
	archiveVersion = 1;
	classes = {
	};
	objectVersion = 46;
	objects = {

/* Begin PBXBuildFile section */
		18372CB319E7DCEC009E92C2 /* background.jpeg in Resources */ = {isa = PBXBuildFile; fileRef = 18372CAF19E7DCEC009E92C2 /* background.jpeg */; };
		18372CB619E7DCEC009E92C2 /* soccer.png in Resources */ = {isa = PBXBuildFile; fileRef = 18372CB219E7DCEC009E92C2 /* soccer.png */; };
		18479C7619EC928D005703C5 /* background-music-aac.caf in Resources */ = {isa = PBXBuildFile; fileRef = 18479C7419EC928D005703C5 /* background-music-aac.caf */; };
		18479C7719EC928D005703C5 /* pew-pew-lei.caf in Resources */ = {isa = PBXBuildFile; fileRef = 18479C7519EC928D005703C5 /* pew-pew-lei.caf */; };
		18479C8019ECA234005703C5 /* background.caf in Resources */ = {isa = PBXBuildFile; fileRef = 18479C7F19EC9E8A005703C5 /* background.caf */; };
		18479C8119ECA234005703C5 /* explosion_large.caf in Resources */ = {isa = PBXBuildFile; fileRef = 18479C7819EC9DE3005703C5 /* explosion_large.caf */; };
		18479C8219ECA234005703C5 /* explosion_small.caf in Resources */ = {isa = PBXBuildFile; fileRef = 18479C7919EC9DE3005703C5 /* explosion_small.caf */; };
		18479C8319ECA234005703C5 /* laser_enemy.caf in Resources */ = {isa = PBXBuildFile; fileRef = 18479C7A19EC9DE3005703C5 /* laser_enemy.caf */; };
		18479C8419ECA234005703C5 /* laser_ship.caf in Resources */ = {isa = PBXBuildFile; fileRef = 18479C7B19EC9DE3005703C5 /* laser_ship.caf */; };
		18479C8519ECA234005703C5 /* powerup.caf in Resources */ = {isa = PBXBuildFile; fileRef = 18479C7C19EC9DE3005703C5 /* powerup.caf */; };
		18479C8619ECA234005703C5 /* shake.caf in Resources */ = {isa = PBXBuildFile; fileRef = 18479C7D19EC9DE3005703C5 /* shake.caf */; };
		18479C8719ECA234005703C5 /* SpaceGame.caf in Resources */ = {isa = PBXBuildFile; fileRef = 18479C7E19EC9DE3005703C5 /* SpaceGame.caf */; };
		18D0159D19EA91CE000E8B01 /* gateForward.png in Resources */ = {isa = PBXBuildFile; fileRef = 18D0159919EA91CE000E8B01 /* gateForward.png */; };
		18D0159E19EA91CE000E8B01 /* gateKeeper.png in Resources */ = {isa = PBXBuildFile; fileRef = 18D0159A19EA91CE000E8B01 /* gateKeeper.png */; };
		18D015A419EA9D21000E8B01 /* redMushroom.png in Resources */ = {isa = PBXBuildFile; fileRef = 18D015A319EA9D21000E8B01 /* redMushroom.png */; };
		18D015A619EA9D33000E8B01 /* greenMushroom.png in Resources */ = {isa = PBXBuildFile; fileRef = 18D015A519EA9D33000E8B01 /* greenMushroom.png */; };
		18EC42EA19EB957400CFB641 /* MyKeeper.png in Resources */ = {isa = PBXBuildFile; fileRef = 18EC42E819EB957400CFB641 /* MyKeeper.png */; };
		18EC42EB19EB957400CFB641 /* gateForward.png in Resources */ = {isa = PBXBuildFile; fileRef = 18EC42E919EB957400CFB641 /* gateForward.png */; };
		18EC42ED19EB95B700CFB641 /* player2.png in Resources */ = {isa = PBXBuildFile; fileRef = 18EC42EC19EB95B700CFB641 /* player2.png */; };
		1B19F55E19EBAF6200BF9B8C /* BreakoutGameScene1.m in Sources */ = {isa = PBXBuildFile; fileRef = 1B19F55D19EBAF6200BF9B8C /* BreakoutGameScene1.m */; };
		1B19F56619EBD78B00BF9B8C /* 11949945401025437070documentinfo.png in Resources */ = {isa = PBXBuildFile; fileRef = 1B19F56519EBD78B00BF9B8C /* 11949945401025437070documentinfo.png */; };
		1B19F56A19EBD84700BF9B8C /* InforViewController.m in Sources */ = {isa = PBXBuildFile; fileRef = 1B19F56919EBD84700BF9B8C /* InforViewController.m */; };
		1B19F56C19EBDBB000BF9B8C /* Football 1_920x550.jpg in Resources */ = {isa = PBXBuildFile; fileRef = 1B19F56B19EBDBB000BF9B8C /* Football 1_920x550.jpg */; };
		1B19F56E19EBDF2900BF9B8C /* information.png in Resources */ = {isa = PBXBuildFile; fileRef = 1B19F56D19EBDF2900BF9B8C /* information.png */; };
		1B4070E719EB9869000861DD /* singleGameWelcome.png in Resources */ = {isa = PBXBuildFile; fileRef = 1B4070E619EB9869000861DD /* singleGameWelcome.png */; };
		1B4070EF19EB9E71000861DD /* WelcomeViewController.m in Sources */ = {isa = PBXBuildFile; fileRef = 1B4070EE19EB9E71000861DD /* WelcomeViewController.m */; };
		1B984AEA19E8D40B007533CF /* Gate_down_large.png in Resources */ = {isa = PBXBuildFile; fileRef = 1B984AE419E8D40B007533CF /* Gate_down_large.png */; };
		1B984AEB19E8D40B007533CF /* Gate_UP_large.png in Resources */ = {isa = PBXBuildFile; fileRef = 1B984AE519E8D40B007533CF /* Gate_UP_large.png */; };
		1B984AEC19E8D40B007533CF /* Gate_down_small.png in Resources */ = {isa = PBXBuildFile; fileRef = 1B984AE619E8D40B007533CF /* Gate_down_small.png */; };
		1B984AED19E8D40B007533CF /* Gate_down_normal.png in Resources */ = {isa = PBXBuildFile; fileRef = 1B984AE719E8D40B007533CF /* Gate_down_normal.png */; };
		1B984AEE19E8D40B007533CF /* Gate_UP_normal.png in Resources */ = {isa = PBXBuildFile; fileRef = 1B984AE819E8D40B007533CF /* Gate_UP_normal.png */; };
		1B984AEF19E8D40B007533CF /* Gate_UP_small.png in Resources */ = {isa = PBXBuildFile; fileRef = 1B984AE919E8D40B007533CF /* Gate_UP_small.png */; };
		1B984AF619E8DEE3007533CF /* game_over_bg.png in Resources */ = {isa = PBXBuildFile; fileRef = 1B984AF519E8DEE3007533CF /* game_over_bg.png */; };
		1B984AF919E8FF94007533CF /* GameOverViewController.m in Sources */ = {isa = PBXBuildFile; fileRef = 1B984AF819E8FF94007533CF /* GameOverViewController.m */; };
		66DF6A1717FB871B00CC9BD1 /* Foundation.framework in Frameworks */ = {isa = PBXBuildFile; fileRef = 66DF6A1617FB871B00CC9BD1 /* Foundation.framework */; };
		66DF6A1917FB871B00CC9BD1 /* CoreGraphics.framework in Frameworks */ = {isa = PBXBuildFile; fileRef = 66DF6A1817FB871B00CC9BD1 /* CoreGraphics.framework */; };
		66DF6A1B17FB871B00CC9BD1 /* UIKit.framework in Frameworks */ = {isa = PBXBuildFile; fileRef = 66DF6A1A17FB871B00CC9BD1 /* UIKit.framework */; };
		66DF6A1D17FB871B00CC9BD1 /* SpriteKit.framework in Frameworks */ = {isa = PBXBuildFile; fileRef = 66DF6A1C17FB871B00CC9BD1 /* SpriteKit.framework */; };
		66DF6A2317FB871B00CC9BD1 /* InfoPlist.strings in Resources */ = {isa = PBXBuildFile; fileRef = 66DF6A2117FB871B00CC9BD1 /* InfoPlist.strings */; };
		66DF6A2517FB871B00CC9BD1 /* main.m in Sources */ = {isa = PBXBuildFile; fileRef = 66DF6A2417FB871B00CC9BD1 /* main.m */; };
		66DF6A2917FB871B00CC9BD1 /* AppDelegate.m in Sources */ = {isa = PBXBuildFile; fileRef = 66DF6A2817FB871B00CC9BD1 /* AppDelegate.m */; };
		66DF6A2C17FB871B00CC9BD1 /* Main.storyboard in Resources */ = {isa = PBXBuildFile; fileRef = 66DF6A2A17FB871B00CC9BD1 /* Main.storyboard */; };
		66DF6A2F17FB871B00CC9BD1 /* ViewController.m in Sources */ = {isa = PBXBuildFile; fileRef = 66DF6A2E17FB871B00CC9BD1 /* ViewController.m */; };
		66DF6A3217FB871B00CC9BD1 /* BreakoutGameScene.m in Sources */ = {isa = PBXBuildFile; fileRef = 66DF6A3117FB871B00CC9BD1 /* BreakoutGameScene.m */; };
		66DF6A3617FB871B00CC9BD1 /* Images.xcassets in Resources */ = {isa = PBXBuildFile; fileRef = 66DF6A3517FB871B00CC9BD1 /* Images.xcassets */; };
		66DF6A3D17FB871B00CC9BD1 /* XCTest.framework in Frameworks */ = {isa = PBXBuildFile; fileRef = 66DF6A3C17FB871B00CC9BD1 /* XCTest.framework */; };
		66DF6A3E17FB871B00CC9BD1 /* Foundation.framework in Frameworks */ = {isa = PBXBuildFile; fileRef = 66DF6A1617FB871B00CC9BD1 /* Foundation.framework */; };
		66DF6A3F17FB871B00CC9BD1 /* UIKit.framework in Frameworks */ = {isa = PBXBuildFile; fileRef = 66DF6A1A17FB871B00CC9BD1 /* UIKit.framework */; };
		66DF6A4717FB871B00CC9BD1 /* InfoPlist.strings in Resources */ = {isa = PBXBuildFile; fileRef = 66DF6A4517FB871B00CC9BD1 /* InfoPlist.strings */; };
		66DF6A4917FB871B00CC9BD1 /* BreakoutSpriteKitTutorialTests.m in Sources */ = {isa = PBXBuildFile; fileRef = 66DF6A4817FB871B00CC9BD1 /* BreakoutSpriteKitTutorialTests.m */; };
		66DF6A5A17FB87DB00CC9BD1 /* assets.atlas in Resources */ = {isa = PBXBuildFile; fileRef = 66DF6A5317FB87DA00CC9BD1 /* assets.atlas */; };
		66DF6A5C17FB87DB00CC9BD1 /* bg@2x~ipad.png in Resources */ = {isa = PBXBuildFile; fileRef = 66DF6A5617FB87DA00CC9BD1 /* bg@2x~ipad.png */; };
		66DF6A5D17FB87DB00CC9BD1 /* bg@2x~iphone.png in Resources */ = {isa = PBXBuildFile; fileRef = 66DF6A5717FB87DA00CC9BD1 /* bg@2x~iphone.png */; };
		66DF6A5E17FB87DB00CC9BD1 /* bg~ipad.png in Resources */ = {isa = PBXBuildFile; fileRef = 66DF6A5817FB87DA00CC9BD1 /* bg~ipad.png */; };
		66DF6A5F17FB87DB00CC9BD1 /* bg~iphone.png in Resources */ = {isa = PBXBuildFile; fileRef = 66DF6A5917FB87DA00CC9BD1 /* bg~iphone.png */; };
/* End PBXBuildFile section */

/* Begin PBXContainerItemProxy section */
		66DF6A4017FB871B00CC9BD1 /* PBXContainerItemProxy */ = {
			isa = PBXContainerItemProxy;
			containerPortal = 66DF6A0B17FB871B00CC9BD1 /* Project object */;
			proxyType = 1;
			remoteGlobalIDString = 66DF6A1217FB871B00CC9BD1;
			remoteInfo = BreakoutSpriteKitTutorial;
		};
/* End PBXContainerItemProxy section */

/* Begin PBXFileReference section */
		18372CAF19E7DCEC009E92C2 /* background.jpeg */ = {isa = PBXFileReference; lastKnownFileType = image.jpeg; path = background.jpeg; sourceTree = "<group>"; };
		18372CB219E7DCEC009E92C2 /* soccer.png */ = {isa = PBXFileReference; lastKnownFileType = image.png; path = soccer.png; sourceTree = "<group>"; };
		18479C7419EC928D005703C5 /* background-music-aac.caf */ = {isa = PBXFileReference; lastKnownFileType = file; path = "background-music-aac.caf"; sourceTree = "<group>"; };
		18479C7519EC928D005703C5 /* pew-pew-lei.caf */ = {isa = PBXFileReference; lastKnownFileType = file; path = "pew-pew-lei.caf"; sourceTree = "<group>"; };
		18479C7819EC9DE3005703C5 /* explosion_large.caf */ = {isa = PBXFileReference; lastKnownFileType = file; path = explosion_large.caf; sourceTree = "<group>"; };
		18479C7919EC9DE3005703C5 /* explosion_small.caf */ = {isa = PBXFileReference; lastKnownFileType = file; path = explosion_small.caf; sourceTree = "<group>"; };
		18479C7A19EC9DE3005703C5 /* laser_enemy.caf */ = {isa = PBXFileReference; lastKnownFileType = file; path = laser_enemy.caf; sourceTree = "<group>"; };
		18479C7B19EC9DE3005703C5 /* laser_ship.caf */ = {isa = PBXFileReference; lastKnownFileType = file; path = laser_ship.caf; sourceTree = "<group>"; };
		18479C7C19EC9DE3005703C5 /* powerup.caf */ = {isa = PBXFileReference; lastKnownFileType = file; path = powerup.caf; sourceTree = "<group>"; };
		18479C7D19EC9DE3005703C5 /* shake.caf */ = {isa = PBXFileReference; lastKnownFileType = file; path = shake.caf; sourceTree = "<group>"; };
		18479C7E19EC9DE3005703C5 /* SpaceGame.caf */ = {isa = PBXFileReference; lastKnownFileType = file; path = SpaceGame.caf; sourceTree = "<group>"; };
		18479C7F19EC9E8A005703C5 /* background.caf */ = {isa = PBXFileReference; lastKnownFileType = file; path = background.caf; sourceTree = "<group>"; };
		18D0159919EA91CE000E8B01 /* gateForward.png */ = {isa = PBXFileReference; lastKnownFileType = image.png; path = gateForward.png; sourceTree = "<group>"; };
		18D0159A19EA91CE000E8B01 /* gateKeeper.png */ = {isa = PBXFileReference; lastKnownFileType = image.png; path = gateKeeper.png; sourceTree = "<group>"; };
		18D015A319EA9D21000E8B01 /* redMushroom.png */ = {isa = PBXFileReference; lastKnownFileType = image.png; path = redMushroom.png; sourceTree = "<group>"; };
		18D015A519EA9D33000E8B01 /* greenMushroom.png */ = {isa = PBXFileReference; lastKnownFileType = image.png; path = greenMushroom.png; sourceTree = "<group>"; };
		18EC42E819EB957400CFB641 /* MyKeeper.png */ = {isa = PBXFileReference; lastKnownFileType = image.png; path = MyKeeper.png; sourceTree = "<group>"; };
		18EC42E919EB957400CFB641 /* gateForward.png */ = {isa = PBXFileReference; lastKnownFileType = image.png; path = gateForward.png; sourceTree = "<group>"; };
		18EC42EC19EB95B700CFB641 /* player2.png */ = {isa = PBXFileReference; lastKnownFileType = image.png; path = player2.png; sourceTree = "<group>"; };
		1B19F55C19EBAF6200BF9B8C /* BreakoutGameScene1.h */ = {isa = PBXFileReference; fileEncoding = 4; lastKnownFileType = sourcecode.c.h; path = BreakoutGameScene1.h; sourceTree = "<group>"; };
		1B19F55D19EBAF6200BF9B8C /* BreakoutGameScene1.m */ = {isa = PBXFileReference; fileEncoding = 4; lastKnownFileType = sourcecode.c.objc; path = BreakoutGameScene1.m; sourceTree = "<group>"; };
		1B19F56519EBD78B00BF9B8C /* 11949945401025437070documentinfo.png */ = {isa = PBXFileReference; lastKnownFileType = image.png; path = 11949945401025437070documentinfo.png; sourceTree = "<group>"; };
		1B19F56819EBD84700BF9B8C /* InforViewController.h */ = {isa = PBXFileReference; fileEncoding = 4; lastKnownFileType = sourcecode.c.h; path = InforViewController.h; sourceTree = "<group>"; };
		1B19F56919EBD84700BF9B8C /* InforViewController.m */ = {isa = PBXFileReference; fileEncoding = 4; lastKnownFileType = sourcecode.c.objc; path = InforViewController.m; sourceTree = "<group>"; };
		1B19F56B19EBDBB000BF9B8C /* Football 1_920x550.jpg */ = {isa = PBXFileReference; lastKnownFileType = image.jpeg; path = "Football 1_920x550.jpg"; sourceTree = "<group>"; };
		1B19F56D19EBDF2900BF9B8C /* information.png */ = {isa = PBXFileReference; lastKnownFileType = image.png; path = information.png; sourceTree = "<group>"; };
		1B4070E619EB9869000861DD /* singleGameWelcome.png */ = {isa = PBXFileReference; lastKnownFileType = image.png; path = singleGameWelcome.png; sourceTree = "<group>"; };
		1B4070ED19EB9E71000861DD /* WelcomeViewController.h */ = {isa = PBXFileReference; fileEncoding = 4; lastKnownFileType = sourcecode.c.h; path = WelcomeViewController.h; sourceTree = "<group>"; };
		1B4070EE19EB9E71000861DD /* WelcomeViewController.m */ = {isa = PBXFileReference; fileEncoding = 4; lastKnownFileType = sourcecode.c.objc; path = WelcomeViewController.m; sourceTree = "<group>"; };
		1B984AE419E8D40B007533CF /* Gate_down_large.png */ = {isa = PBXFileReference; lastKnownFileType = image.png; path = Gate_down_large.png; sourceTree = "<group>"; };
		1B984AE519E8D40B007533CF /* Gate_UP_large.png */ = {isa = PBXFileReference; lastKnownFileType = image.png; path = Gate_UP_large.png; sourceTree = "<group>"; };
		1B984AE619E8D40B007533CF /* Gate_down_small.png */ = {isa = PBXFileReference; lastKnownFileType = image.png; path = Gate_down_small.png; sourceTree = "<group>"; };
		1B984AE719E8D40B007533CF /* Gate_down_normal.png */ = {isa = PBXFileReference; lastKnownFileType = image.png; path = Gate_down_normal.png; sourceTree = "<group>"; };
		1B984AE819E8D40B007533CF /* Gate_UP_normal.png */ = {isa = PBXFileReference; lastKnownFileType = image.png; path = Gate_UP_normal.png; sourceTree = "<group>"; };
		1B984AE919E8D40B007533CF /* Gate_UP_small.png */ = {isa = PBXFileReference; lastKnownFileType = image.png; path = Gate_UP_small.png; sourceTree = "<group>"; };
		1B984AF519E8DEE3007533CF /* game_over_bg.png */ = {isa = PBXFileReference; lastKnownFileType = image.png; path = game_over_bg.png; sourceTree = "<group>"; };
		1B984AF719E8FF94007533CF /* GameOverViewController.h */ = {isa = PBXFileReference; fileEncoding = 4; lastKnownFileType = sourcecode.c.h; path = GameOverViewController.h; sourceTree = "<group>"; };
		1B984AF819E8FF94007533CF /* GameOverViewController.m */ = {isa = PBXFileReference; fileEncoding = 4; lastKnownFileType = sourcecode.c.objc; path = GameOverViewController.m; sourceTree = "<group>"; };
		1B984AFA19E915CF007533CF /* SystemSetting.h */ = {isa = PBXFileReference; lastKnownFileType = sourcecode.c.h; path = SystemSetting.h; sourceTree = "<group>"; };
		66DF6A1317FB871B00CC9BD1 /* BreakoutSpriteKitTutorial.app */ = {isa = PBXFileReference; explicitFileType = wrapper.application; includeInIndex = 0; path = BreakoutSpriteKitTutorial.app; sourceTree = BUILT_PRODUCTS_DIR; };
		66DF6A1617FB871B00CC9BD1 /* Foundation.framework */ = {isa = PBXFileReference; lastKnownFileType = wrapper.framework; name = Foundation.framework; path = System/Library/Frameworks/Foundation.framework; sourceTree = SDKROOT; };
		66DF6A1817FB871B00CC9BD1 /* CoreGraphics.framework */ = {isa = PBXFileReference; lastKnownFileType = wrapper.framework; name = CoreGraphics.framework; path = System/Library/Frameworks/CoreGraphics.framework; sourceTree = SDKROOT; };
		66DF6A1A17FB871B00CC9BD1 /* UIKit.framework */ = {isa = PBXFileReference; lastKnownFileType = wrapper.framework; name = UIKit.framework; path = System/Library/Frameworks/UIKit.framework; sourceTree = SDKROOT; };
		66DF6A1C17FB871B00CC9BD1 /* SpriteKit.framework */ = {isa = PBXFileReference; lastKnownFileType = wrapper.framework; name = SpriteKit.framework; path = System/Library/Frameworks/SpriteKit.framework; sourceTree = SDKROOT; };
		66DF6A2017FB871B00CC9BD1 /* BreakoutSpriteKitTutorial-Info.plist */ = {isa = PBXFileReference; lastKnownFileType = text.plist.xml; path = "BreakoutSpriteKitTutorial-Info.plist"; sourceTree = "<group>"; };
		66DF6A2217FB871B00CC9BD1 /* en */ = {isa = PBXFileReference; lastKnownFileType = text.plist.strings; name = en; path = en.lproj/InfoPlist.strings; sourceTree = "<group>"; };
		66DF6A2417FB871B00CC9BD1 /* main.m */ = {isa = PBXFileReference; lastKnownFileType = sourcecode.c.objc; path = main.m; sourceTree = "<group>"; };
		66DF6A2617FB871B00CC9BD1 /* BreakoutSpriteKitTutorial-Prefix.pch */ = {isa = PBXFileReference; lastKnownFileType = sourcecode.c.h; path = "BreakoutSpriteKitTutorial-Prefix.pch"; sourceTree = "<group>"; };
		66DF6A2717FB871B00CC9BD1 /* AppDelegate.h */ = {isa = PBXFileReference; lastKnownFileType = sourcecode.c.h; path = AppDelegate.h; sourceTree = "<group>"; };
		66DF6A2817FB871B00CC9BD1 /* AppDelegate.m */ = {isa = PBXFileReference; lastKnownFileType = sourcecode.c.objc; path = AppDelegate.m; sourceTree = "<group>"; };
		66DF6A2B17FB871B00CC9BD1 /* Base */ = {isa = PBXFileReference; lastKnownFileType = file.storyboard; name = Base; path = Base.lproj/Main.storyboard; sourceTree = "<group>"; };
		66DF6A2D17FB871B00CC9BD1 /* ViewController.h */ = {isa = PBXFileReference; lastKnownFileType = sourcecode.c.h; path = ViewController.h; sourceTree = "<group>"; };
		66DF6A2E17FB871B00CC9BD1 /* ViewController.m */ = {isa = PBXFileReference; lastKnownFileType = sourcecode.c.objc; path = ViewController.m; sourceTree = "<group>"; };
		66DF6A3017FB871B00CC9BD1 /* BreakoutGameScene.h */ = {isa = PBXFileReference; lastKnownFileType = sourcecode.c.h; path = BreakoutGameScene.h; sourceTree = "<group>"; };
		66DF6A3117FB871B00CC9BD1 /* BreakoutGameScene.m */ = {isa = PBXFileReference; lastKnownFileType = sourcecode.c.objc; path = BreakoutGameScene.m; sourceTree = "<group>"; };
		66DF6A3517FB871B00CC9BD1 /* Images.xcassets */ = {isa = PBXFileReference; lastKnownFileType = folder.assetcatalog; path = Images.xcassets; sourceTree = "<group>"; };
		66DF6A3B17FB871B00CC9BD1 /* BreakoutSpriteKitTutorialTests.xctest */ = {isa = PBXFileReference; explicitFileType = wrapper.cfbundle; includeInIndex = 0; path = BreakoutSpriteKitTutorialTests.xctest; sourceTree = BUILT_PRODUCTS_DIR; };
		66DF6A3C17FB871B00CC9BD1 /* XCTest.framework */ = {isa = PBXFileReference; lastKnownFileType = wrapper.framework; name = XCTest.framework; path = Library/Frameworks/XCTest.framework; sourceTree = DEVELOPER_DIR; };
		66DF6A4417FB871B00CC9BD1 /* BreakoutSpriteKitTutorialTests-Info.plist */ = {isa = PBXFileReference; lastKnownFileType = text.plist.xml; path = "BreakoutSpriteKitTutorialTests-Info.plist"; sourceTree = "<group>"; };
		66DF6A4617FB871B00CC9BD1 /* en */ = {isa = PBXFileReference; lastKnownFileType = text.plist.strings; name = en; path = en.lproj/InfoPlist.strings; sourceTree = "<group>"; };
		66DF6A4817FB871B00CC9BD1 /* BreakoutSpriteKitTutorialTests.m */ = {isa = PBXFileReference; lastKnownFileType = sourcecode.c.objc; path = BreakoutSpriteKitTutorialTests.m; sourceTree = "<group>"; };
		66DF6A5317FB87DA00CC9BD1 /* assets.atlas */ = {isa = PBXFileReference; lastKnownFileType = folder.skatlas; path = assets.atlas; sourceTree = "<group>"; };
		66DF6A5617FB87DA00CC9BD1 /* bg@2x~ipad.png */ = {isa = PBXFileReference; lastKnownFileType = image.png; path = "bg@2x~ipad.png"; sourceTree = "<group>"; };
		66DF6A5717FB87DA00CC9BD1 /* bg@2x~iphone.png */ = {isa = PBXFileReference; lastKnownFileType = image.png; path = "bg@2x~iphone.png"; sourceTree = "<group>"; };
		66DF6A5817FB87DA00CC9BD1 /* bg~ipad.png */ = {isa = PBXFileReference; lastKnownFileType = image.png; path = "bg~ipad.png"; sourceTree = "<group>"; };
		66DF6A5917FB87DA00CC9BD1 /* bg~iphone.png */ = {isa = PBXFileReference; lastKnownFileType = image.png; path = "bg~iphone.png"; sourceTree = "<group>"; };
/* End PBXFileReference section */

/* Begin PBXFrameworksBuildPhase section */
		66DF6A1017FB871B00CC9BD1 /* Frameworks */ = {
			isa = PBXFrameworksBuildPhase;
			buildActionMask = 2147483647;
			files = (
				66DF6A1917FB871B00CC9BD1 /* CoreGraphics.framework in Frameworks */,
				66DF6A1B17FB871B00CC9BD1 /* UIKit.framework in Frameworks */,
				66DF6A1D17FB871B00CC9BD1 /* SpriteKit.framework in Frameworks */,
				66DF6A1717FB871B00CC9BD1 /* Foundation.framework in Frameworks */,
			);
			runOnlyForDeploymentPostprocessing = 0;
		};
		66DF6A3817FB871B00CC9BD1 /* Frameworks */ = {
			isa = PBXFrameworksBuildPhase;
			buildActionMask = 2147483647;
			files = (
				66DF6A3D17FB871B00CC9BD1 /* XCTest.framework in Frameworks */,
				66DF6A3F17FB871B00CC9BD1 /* UIKit.framework in Frameworks */,
				66DF6A3E17FB871B00CC9BD1 /* Foundation.framework in Frameworks */,
			);
			runOnlyForDeploymentPostprocessing = 0;
		};
/* End PBXFrameworksBuildPhase section */

/* Begin PBXGroup section */
		18479C7319EC928D005703C5 /* Sounds */ = {
			isa = PBXGroup;
			children = (
				18479C7F19EC9E8A005703C5 /* background.caf */,
				18479C7819EC9DE3005703C5 /* explosion_large.caf */,
				18479C7919EC9DE3005703C5 /* explosion_small.caf */,
				18479C7A19EC9DE3005703C5 /* laser_enemy.caf */,
				18479C7B19EC9DE3005703C5 /* laser_ship.caf */,
				18479C7C19EC9DE3005703C5 /* powerup.caf */,
				18479C7D19EC9DE3005703C5 /* shake.caf */,
				18479C7E19EC9DE3005703C5 /* SpaceGame.caf */,
				18479C7419EC928D005703C5 /* background-music-aac.caf */,
				18479C7519EC928D005703C5 /* pew-pew-lei.caf */,
			);
			path = Sounds;
			sourceTree = "<group>";
		};
		1B19F54E19EBAC9200BF9B8C /* level1 */ = {
			isa = PBXGroup;
			children = (
				1B19F55C19EBAF6200BF9B8C /* BreakoutGameScene1.h */,
				1B19F55D19EBAF6200BF9B8C /* BreakoutGameScene1.m */,
			);
			name = level1;
			sourceTree = "<group>";
		};
		1B19F54F19EBAC9B00BF9B8C /* level3 */ = {
			isa = PBXGroup;
			children = (
			);
			name = level3;
			sourceTree = "<group>";
		};
		1B19F56719EBD83300BF9B8C /* information */ = {
			isa = PBXGroup;
			children = (
				1B19F56819EBD84700BF9B8C /* InforViewController.h */,
				1B19F56919EBD84700BF9B8C /* InforViewController.m */,
			);
			name = information;
			sourceTree = "<group>";
		};
		1B4070E819EB9C4F000861DD /* PNGS */ = {
			isa = PBXGroup;
			children = (
				1B19F56D19EBDF2900BF9B8C /* information.png */,
				1B19F56B19EBDBB000BF9B8C /* Football 1_920x550.jpg */,
				1B19F56519EBD78B00BF9B8C /* 11949945401025437070documentinfo.png */,
				1B4070E619EB9869000861DD /* singleGameWelcome.png */,
				1B984AF519E8DEE3007533CF /* game_over_bg.png */,
				1B984AE419E8D40B007533CF /* Gate_down_large.png */,
				1B984AE519E8D40B007533CF /* Gate_UP_large.png */,
				1B984AE619E8D40B007533CF /* Gate_down_small.png */,
				1B984AE719E8D40B007533CF /* Gate_down_normal.png */,
				1B984AE819E8D40B007533CF /* Gate_UP_normal.png */,
				1B984AE919E8D40B007533CF /* Gate_UP_small.png */,
				18372CAF19E7DCEC009E92C2 /* background.jpeg */,
				18EC42E819EB957400CFB641 /* MyKeeper.png */,
				18EC42E919EB957400CFB641 /* gateForward.png */,
				18372CB219E7DCEC009E92C2 /* soccer.png */,
				18D0159919EA91CE000E8B01 /* gateForward.png */,
				18D0159A19EA91CE000E8B01 /* gateKeeper.png */,
				18D015A319EA9D21000E8B01 /* redMushroom.png */,
				18D015A519EA9D33000E8B01 /* greenMushroom.png */,
			);
			name = PNGS;
			sourceTree = "<group>";
		};
		1B4070E919EB9C74000861DD /* levle2 */ = {
			isa = PBXGroup;
			children = (
				66DF6A2D17FB871B00CC9BD1 /* ViewController.h */,
				66DF6A2E17FB871B00CC9BD1 /* ViewController.m */,
				66DF6A3017FB871B00CC9BD1 /* BreakoutGameScene.h */,
				66DF6A3117FB871B00CC9BD1 /* BreakoutGameScene.m */,
			);
			name = levle2;
			sourceTree = "<group>";
		};
		1B4070EA19EB9CA2000861DD /* GameOver */ = {
			isa = PBXGroup;
			children = (
				1B984AF719E8FF94007533CF /* GameOverViewController.h */,
				1B984AF819E8FF94007533CF /* GameOverViewController.m */,
			);
			name = GameOver;
			sourceTree = "<group>";
		};
		1B4070EB19EB9E29000861DD /* SingleGame */ = {
			isa = PBXGroup;
			children = (
				66DF6A1E17FB871B00CC9BD1 /* BreakoutSpriteKitTutorial */,
			);
			name = SingleGame;
			sourceTree = "<group>";
		};
		1B4070EC19EB9E4F000861DD /* Welcome */ = {
			isa = PBXGroup;
			children = (
				1B4070ED19EB9E71000861DD /* WelcomeViewController.h */,
				1B4070EE19EB9E71000861DD /* WelcomeViewController.m */,
			);
			name = Welcome;
			sourceTree = "<group>";
		};
		66DF6A0A17FB871A00CC9BD1 = {
			isa = PBXGroup;
			children = (
				1B4070EB19EB9E29000861DD /* SingleGame */,
				66DF6A4217FB871B00CC9BD1 /* BreakoutSpriteKitTutorialTests */,
				66DF6A1517FB871B00CC9BD1 /* Frameworks */,
				66DF6A1417FB871B00CC9BD1 /* Products */,
			);
			sourceTree = "<group>";
		};
		66DF6A1417FB871B00CC9BD1 /* Products */ = {
			isa = PBXGroup;
			children = (
				66DF6A1317FB871B00CC9BD1 /* BreakoutSpriteKitTutorial.app */,
				66DF6A3B17FB871B00CC9BD1 /* BreakoutSpriteKitTutorialTests.xctest */,
			);
			name = Products;
			sourceTree = "<group>";
		};
		66DF6A1517FB871B00CC9BD1 /* Frameworks */ = {
			isa = PBXGroup;
			children = (
				66DF6A1617FB871B00CC9BD1 /* Foundation.framework */,
				66DF6A1817FB871B00CC9BD1 /* CoreGraphics.framework */,
				66DF6A1A17FB871B00CC9BD1 /* UIKit.framework */,
				66DF6A1C17FB871B00CC9BD1 /* SpriteKit.framework */,
				66DF6A3C17FB871B00CC9BD1 /* XCTest.framework */,
			);
			name = Frameworks;
			sourceTree = "<group>";
		};
		66DF6A1E17FB871B00CC9BD1 /* BreakoutSpriteKitTutorial */ = {
			isa = PBXGroup;
			children = (
				18479C7319EC928D005703C5 /* Sounds */,
				1B19F56719EBD83300BF9B8C /* information */,
				1B19F54F19EBAC9B00BF9B8C /* level3 */,
				1B19F54E19EBAC9200BF9B8C /* level1 */,
				1B4070EC19EB9E4F000861DD /* Welcome */,
				1B4070EA19EB9CA2000861DD /* GameOver */,
				1B4070E919EB9C74000861DD /* levle2 */,
				1B4070E819EB9C4F000861DD /* PNGS */,
				66DF6A2717FB871B00CC9BD1 /* AppDelegate.h */,
				66DF6A2817FB871B00CC9BD1 /* AppDelegate.m */,
				66DF6A2A17FB871B00CC9BD1 /* Main.storyboard */,
				18EC42EC19EB95B700CFB641 /* player2.png */,
				66DF6A5217FB87DA00CC9BD1 /* Resources */,
				66DF6A3517FB871B00CC9BD1 /* Images.xcassets */,
				66DF6A1F17FB871B00CC9BD1 /* Supporting Files */,
				1B984AFA19E915CF007533CF /* SystemSetting.h */,
			);
			path = BreakoutSpriteKitTutorial;
			sourceTree = "<group>";
		};
		66DF6A1F17FB871B00CC9BD1 /* Supporting Files */ = {
			isa = PBXGroup;
			children = (
				66DF6A2017FB871B00CC9BD1 /* BreakoutSpriteKitTutorial-Info.plist */,
				66DF6A2117FB871B00CC9BD1 /* InfoPlist.strings */,
				66DF6A2417FB871B00CC9BD1 /* main.m */,
				66DF6A2617FB871B00CC9BD1 /* BreakoutSpriteKitTutorial-Prefix.pch */,
			);
			name = "Supporting Files";
			sourceTree = "<group>";
		};
		66DF6A4217FB871B00CC9BD1 /* BreakoutSpriteKitTutorialTests */ = {
			isa = PBXGroup;
			children = (
				66DF6A4817FB871B00CC9BD1 /* BreakoutSpriteKitTutorialTests.m */,
				66DF6A4317FB871B00CC9BD1 /* Supporting Files */,
			);
			path = BreakoutSpriteKitTutorialTests;
			sourceTree = "<group>";
		};
		66DF6A4317FB871B00CC9BD1 /* Supporting Files */ = {
			isa = PBXGroup;
			children = (
				66DF6A4417FB871B00CC9BD1 /* BreakoutSpriteKitTutorialTests-Info.plist */,
				66DF6A4517FB871B00CC9BD1 /* InfoPlist.strings */,
			);
			name = "Supporting Files";
			sourceTree = "<group>";
		};
		66DF6A5217FB87DA00CC9BD1 /* Resources */ = {
			isa = PBXGroup;
			children = (
				66DF6A5317FB87DA00CC9BD1 /* assets.atlas */,
				66DF6A5417FB87DA00CC9BD1 /* backgrounds */,
			);
			path = Resources;
			sourceTree = "<group>";
		};
		66DF6A5417FB87DA00CC9BD1 /* backgrounds */ = {
			isa = PBXGroup;
			children = (
				66DF6A5617FB87DA00CC9BD1 /* bg@2x~ipad.png */,
				66DF6A5717FB87DA00CC9BD1 /* bg@2x~iphone.png */,
				66DF6A5817FB87DA00CC9BD1 /* bg~ipad.png */,
				66DF6A5917FB87DA00CC9BD1 /* bg~iphone.png */,
			);
			path = backgrounds;
			sourceTree = "<group>";
		};
/* End PBXGroup section */

/* Begin PBXNativeTarget section */
		66DF6A1217FB871B00CC9BD1 /* BreakoutSpriteKitTutorial */ = {
			isa = PBXNativeTarget;
			buildConfigurationList = 66DF6A4C17FB871B00CC9BD1 /* Build configuration list for PBXNativeTarget "BreakoutSpriteKitTutorial" */;
			buildPhases = (
				66DF6A0F17FB871B00CC9BD1 /* Sources */,
				66DF6A1017FB871B00CC9BD1 /* Frameworks */,
				66DF6A1117FB871B00CC9BD1 /* Resources */,
			);
			buildRules = (
			);
			dependencies = (
			);
			name = BreakoutSpriteKitTutorial;
			productName = BreakoutSpriteKitTutorial;
			productReference = 66DF6A1317FB871B00CC9BD1 /* BreakoutSpriteKitTutorial.app */;
			productType = "com.apple.product-type.application";
		};
		66DF6A3A17FB871B00CC9BD1 /* BreakoutSpriteKitTutorialTests */ = {
			isa = PBXNativeTarget;
			buildConfigurationList = 66DF6A4F17FB871B00CC9BD1 /* Build configuration list for PBXNativeTarget "BreakoutSpriteKitTutorialTests" */;
			buildPhases = (
				66DF6A3717FB871B00CC9BD1 /* Sources */,
				66DF6A3817FB871B00CC9BD1 /* Frameworks */,
				66DF6A3917FB871B00CC9BD1 /* Resources */,
			);
			buildRules = (
			);
			dependencies = (
				66DF6A4117FB871B00CC9BD1 /* PBXTargetDependency */,
			);
			name = BreakoutSpriteKitTutorialTests;
			productName = BreakoutSpriteKitTutorialTests;
			productReference = 66DF6A3B17FB871B00CC9BD1 /* BreakoutSpriteKitTutorialTests.xctest */;
			productType = "com.apple.product-type.bundle.unit-test";
		};
/* End PBXNativeTarget section */

/* Begin PBXProject section */
		66DF6A0B17FB871B00CC9BD1 /* Project object */ = {
			isa = PBXProject;
			attributes = {
				LastUpgradeCheck = 0600;
				ORGANIZATIONNAME = "Barbara Köhler";
				TargetAttributes = {
					66DF6A1217FB871B00CC9BD1 = {
						DevelopmentTeam = S64U42C86K;
					};
					66DF6A3A17FB871B00CC9BD1 = {
						TestTargetID = 66DF6A1217FB871B00CC9BD1;
					};
				};
			};
			buildConfigurationList = 66DF6A0E17FB871B00CC9BD1 /* Build configuration list for PBXProject "BreakoutSpriteKitTutorial" */;
			compatibilityVersion = "Xcode 3.2";
			developmentRegion = English;
			hasScannedForEncodings = 0;
			knownRegions = (
				en,
				Base,
			);
			mainGroup = 66DF6A0A17FB871A00CC9BD1;
			productRefGroup = 66DF6A1417FB871B00CC9BD1 /* Products */;
			projectDirPath = "";
			projectRoot = "";
			targets = (
				66DF6A1217FB871B00CC9BD1 /* BreakoutSpriteKitTutorial */,
				66DF6A3A17FB871B00CC9BD1 /* BreakoutSpriteKitTutorialTests */,
			);
		};
/* End PBXProject section */

/* Begin PBXResourcesBuildPhase section */
		66DF6A1117FB871B00CC9BD1 /* Resources */ = {
			isa = PBXResourcesBuildPhase;
			buildActionMask = 2147483647;
			files = (
				18479C8019ECA234005703C5 /* background.caf in Resources */,
				18479C8119ECA234005703C5 /* explosion_large.caf in Resources */,
				18479C8219ECA234005703C5 /* explosion_small.caf in Resources */,
				18479C8319ECA234005703C5 /* laser_enemy.caf in Resources */,
				18479C8419ECA234005703C5 /* laser_ship.caf in Resources */,
				18479C8519ECA234005703C5 /* powerup.caf in Resources */,
				18479C8619ECA234005703C5 /* shake.caf in Resources */,
				18479C8719ECA234005703C5 /* SpaceGame.caf in Resources */,
				18EC42EB19EB957400CFB641 /* gateForward.png in Resources */,
				18372CB619E7DCEC009E92C2 /* soccer.png in Resources */,
				66DF6A5E17FB87DB00CC9BD1 /* bg~ipad.png in Resources */,
				1B984AEA19E8D40B007533CF /* Gate_down_large.png in Resources */,
				18372CB319E7DCEC009E92C2 /* background.jpeg in Resources */,
				66DF6A2317FB871B00CC9BD1 /* InfoPlist.strings in Resources */,
				1B19F56C19EBDBB000BF9B8C /* Football 1_920x550.jpg in Resources */,
				1B984AEE19E8D40B007533CF /* Gate_UP_normal.png in Resources */,
				66DF6A3617FB871B00CC9BD1 /* Images.xcassets in Resources */,
				1B984AEC19E8D40B007533CF /* Gate_down_small.png in Resources */,
				18479C7619EC928D005703C5 /* background-music-aac.caf in Resources */,
				18D0159D19EA91CE000E8B01 /* gateForward.png in Resources */,
				18D0159E19EA91CE000E8B01 /* gateKeeper.png in Resources */,
				1B984AF619E8DEE3007533CF /* game_over_bg.png in Resources */,
				1B984AED19E8D40B007533CF /* Gate_down_normal.png in Resources */,
				1B4070E719EB9869000861DD /* singleGameWelcome.png in Resources */,
				18D015A619EA9D33000E8B01 /* greenMushroom.png in Resources */,
				1B984AEB19E8D40B007533CF /* Gate_UP_large.png in Resources */,
				66DF6A5A17FB87DB00CC9BD1 /* assets.atlas in Resources */,
				66DF6A5C17FB87DB00CC9BD1 /* bg@2x~ipad.png in Resources */,
				18D015A419EA9D21000E8B01 /* redMushroom.png in Resources */,
				66DF6A5F17FB87DB00CC9BD1 /* bg~iphone.png in Resources */,
				66DF6A2C17FB871B00CC9BD1 /* Main.storyboard in Resources */,
				18479C7719EC928D005703C5 /* pew-pew-lei.caf in Resources */,
				1B984AEF19E8D40B007533CF /* Gate_UP_small.png in Resources */,
				18EC42ED19EB95B700CFB641 /* player2.png in Resources */,
				1B19F56E19EBDF2900BF9B8C /* information.png in Resources */,
				1B19F56619EBD78B00BF9B8C /* 11949945401025437070documentinfo.png in Resources */,
				66DF6A5D17FB87DB00CC9BD1 /* bg@2x~iphone.png in Resources */,
				18EC42EA19EB957400CFB641 /* MyKeeper.png in Resources */,
			);
			runOnlyForDeploymentPostprocessing = 0;
		};
		66DF6A3917FB871B00CC9BD1 /* Resources */ = {
			isa = PBXResourcesBuildPhase;
			buildActionMask = 2147483647;
			files = (
				66DF6A4717FB871B00CC9BD1 /* InfoPlist.strings in Resources */,
			);
			runOnlyForDeploymentPostprocessing = 0;
		};
/* End PBXResourcesBuildPhase section */

/* Begin PBXSourcesBuildPhase section */
		66DF6A0F17FB871B00CC9BD1 /* Sources */ = {
			isa = PBXSourcesBuildPhase;
			buildActionMask = 2147483647;
			files = (
				1B19F55E19EBAF6200BF9B8C /* BreakoutGameScene1.m in Sources */,
				1B984AF919E8FF94007533CF /* GameOverViewController.m in Sources */,
				66DF6A3217FB871B00CC9BD1 /* BreakoutGameScene.m in Sources */,
				66DF6A2F17FB871B00CC9BD1 /* ViewController.m in Sources */,
				66DF6A2917FB871B00CC9BD1 /* AppDelegate.m in Sources */,
				1B19F56A19EBD84700BF9B8C /* InforViewController.m in Sources */,
				66DF6A2517FB871B00CC9BD1 /* main.m in Sources */,
				1B4070EF19EB9E71000861DD /* WelcomeViewController.m in Sources */,
			);
			runOnlyForDeploymentPostprocessing = 0;
		};
		66DF6A3717FB871B00CC9BD1 /* Sources */ = {
			isa = PBXSourcesBuildPhase;
			buildActionMask = 2147483647;
			files = (
				66DF6A4917FB871B00CC9BD1 /* BreakoutSpriteKitTutorialTests.m in Sources */,
			);
			runOnlyForDeploymentPostprocessing = 0;
		};
/* End PBXSourcesBuildPhase section */

/* Begin PBXTargetDependency section */
		66DF6A4117FB871B00CC9BD1 /* PBXTargetDependency */ = {
			isa = PBXTargetDependency;
			target = 66DF6A1217FB871B00CC9BD1 /* BreakoutSpriteKitTutorial */;
			targetProxy = 66DF6A4017FB871B00CC9BD1 /* PBXContainerItemProxy */;
		};
/* End PBXTargetDependency section */

/* Begin PBXVariantGroup section */
		66DF6A2117FB871B00CC9BD1 /* InfoPlist.strings */ = {
			isa = PBXVariantGroup;
			children = (
				66DF6A2217FB871B00CC9BD1 /* en */,
			);
			name = InfoPlist.strings;
			sourceTree = "<group>";
		};
		66DF6A2A17FB871B00CC9BD1 /* Main.storyboard */ = {
			isa = PBXVariantGroup;
			children = (
				66DF6A2B17FB871B00CC9BD1 /* Base */,
			);
			name = Main.storyboard;
			sourceTree = "<group>";
		};
		66DF6A4517FB871B00CC9BD1 /* InfoPlist.strings */ = {
			isa = PBXVariantGroup;
			children = (
				66DF6A4617FB871B00CC9BD1 /* en */,
			);
			name = InfoPlist.strings;
			sourceTree = "<group>";
		};
/* End PBXVariantGroup section */

/* Begin XCBuildConfiguration section */
		66DF6A4A17FB871B00CC9BD1 /* Debug */ = {
			isa = XCBuildConfiguration;
			buildSettings = {
				ALWAYS_SEARCH_USER_PATHS = NO;
				CLANG_CXX_LANGUAGE_STANDARD = "gnu++0x";
				CLANG_CXX_LIBRARY = "libc++";
				CLANG_ENABLE_MODULES = YES;
				CLANG_ENABLE_OBJC_ARC = YES;
				CLANG_WARN_BOOL_CONVERSION = YES;
				CLANG_WARN_CONSTANT_CONVERSION = YES;
				CLANG_WARN_DIRECT_OBJC_ISA_USAGE = YES_ERROR;
				CLANG_WARN_EMPTY_BODY = YES;
				CLANG_WARN_ENUM_CONVERSION = YES;
				CLANG_WARN_INT_CONVERSION = YES;
				CLANG_WARN_OBJC_ROOT_CLASS = YES_ERROR;
				CLANG_WARN__DUPLICATE_METHOD_MATCH = YES;
				"CODE_SIGN_IDENTITY[sdk=iphoneos*]" = "iPhone Developer";
				COPY_PHASE_STRIP = NO;
				GCC_C_LANGUAGE_STANDARD = gnu99;
				GCC_DYNAMIC_NO_PIC = NO;
				GCC_OPTIMIZATION_LEVEL = 0;
				GCC_PREPROCESSOR_DEFINITIONS = (
					"DEBUG=1",
					"$(inherited)",
				);
				GCC_SYMBOLS_PRIVATE_EXTERN = NO;
				GCC_WARN_64_TO_32_BIT_CONVERSION = YES;
				GCC_WARN_ABOUT_RETURN_TYPE = YES_ERROR;
				GCC_WARN_UNDECLARED_SELECTOR = YES;
				GCC_WARN_UNINITIALIZED_AUTOS = YES;
				GCC_WARN_UNUSED_FUNCTION = YES;
				GCC_WARN_UNUSED_VARIABLE = YES;
				IPHONEOS_DEPLOYMENT_TARGET = 7.0;
				ONLY_ACTIVE_ARCH = YES;
				SDKROOT = iphoneos;
			};
			name = Debug;
		};
		66DF6A4B17FB871B00CC9BD1 /* Release */ = {
			isa = XCBuildConfiguration;
			buildSettings = {
				ALWAYS_SEARCH_USER_PATHS = NO;
				CLANG_CXX_LANGUAGE_STANDARD = "gnu++0x";
				CLANG_CXX_LIBRARY = "libc++";
				CLANG_ENABLE_MODULES = YES;
				CLANG_ENABLE_OBJC_ARC = YES;
				CLANG_WARN_BOOL_CONVERSION = YES;
				CLANG_WARN_CONSTANT_CONVERSION = YES;
				CLANG_WARN_DIRECT_OBJC_ISA_USAGE = YES_ERROR;
				CLANG_WARN_EMPTY_BODY = YES;
				CLANG_WARN_ENUM_CONVERSION = YES;
				CLANG_WARN_INT_CONVERSION = YES;
				CLANG_WARN_OBJC_ROOT_CLASS = YES_ERROR;
				CLANG_WARN__DUPLICATE_METHOD_MATCH = YES;
				"CODE_SIGN_IDENTITY[sdk=iphoneos*]" = "iPhone Developer";
				COPY_PHASE_STRIP = YES;
				ENABLE_NS_ASSERTIONS = NO;
				GCC_C_LANGUAGE_STANDARD = gnu99;
				GCC_WARN_64_TO_32_BIT_CONVERSION = YES;
				GCC_WARN_ABOUT_RETURN_TYPE = YES_ERROR;
				GCC_WARN_UNDECLARED_SELECTOR = YES;
				GCC_WARN_UNINITIALIZED_AUTOS = YES;
				GCC_WARN_UNUSED_FUNCTION = YES;
				GCC_WARN_UNUSED_VARIABLE = YES;
				IPHONEOS_DEPLOYMENT_TARGET = 7.0;
				SDKROOT = iphoneos;
				VALIDATE_PRODUCT = YES;
			};
			name = Release;
		};
		66DF6A4D17FB871B00CC9BD1 /* Debug */ = {
			isa = XCBuildConfiguration;
			buildSettings = {
				ASSETCATALOG_COMPILER_APPICON_NAME = AppIcon;
				ASSETCATALOG_COMPILER_LAUNCHIMAGE_NAME = LaunchImage;
				CODE_SIGN_IDENTITY = "iPhone Developer";
				GCC_PRECOMPILE_PREFIX_HEADER = YES;
				GCC_PREFIX_HEADER = "BreakoutSpriteKitTutorial/BreakoutSpriteKitTutorial-Prefix.pch";
				INFOPLIST_FILE = "BreakoutSpriteKitTutorial/BreakoutSpriteKitTutorial-Info.plist";
				PRODUCT_NAME = BreakoutSpriteKitTutorial;
				SPRITEKIT_TEXTURE_ATLAS_OUTPUT = YES;
				TARGETED_DEVICE_FAMILY = 2;
				WRAPPER_EXTENSION = app;
			};
			name = Debug;
		};
		66DF6A4E17FB871B00CC9BD1 /* Release */ = {
			isa = XCBuildConfiguration;
			buildSettings = {
				ASSETCATALOG_COMPILER_APPICON_NAME = AppIcon;
				ASSETCATALOG_COMPILER_LAUNCHIMAGE_NAME = LaunchImage;
				CODE_SIGN_IDENTITY = "iPhone Developer";
				GCC_PRECOMPILE_PREFIX_HEADER = YES;
				GCC_PREFIX_HEADER = "BreakoutSpriteKitTutorial/BreakoutSpriteKitTutorial-Prefix.pch";
				INFOPLIST_FILE = "BreakoutSpriteKitTutorial/BreakoutSpriteKitTutorial-Info.plist";
				PRODUCT_NAME = BreakoutSpriteKitTutorial;
				SPRITEKIT_TEXTURE_ATLAS_OUTPUT = YES;
				TARGETED_DEVICE_FAMILY = 2;
				WRAPPER_EXTENSION = app;
			};
			name = Release;
		};
		66DF6A5017FB871B00CC9BD1 /* Debug */ = {
			isa = XCBuildConfiguration;
			buildSettings = {
				BUNDLE_LOADER = "$(BUILT_PRODUCTS_DIR)/BreakoutSpriteKitTutorial.app/BreakoutSpriteKitTutorial";
				FRAMEWORK_SEARCH_PATHS = (
					"$(SDKROOT)/Developer/Library/Frameworks",
					"$(inherited)",
					"$(DEVELOPER_FRAMEWORKS_DIR)",
				);
				GCC_PRECOMPILE_PREFIX_HEADER = YES;
				GCC_PREFIX_HEADER = "BreakoutSpriteKitTutorial/BreakoutSpriteKitTutorial-Prefix.pch";
				GCC_PREPROCESSOR_DEFINITIONS = (
					"DEBUG=1",
					"$(inherited)",
				);
				INFOPLIST_FILE = "BreakoutSpriteKitTutorialTests/BreakoutSpriteKitTutorialTests-Info.plist";
				PRODUCT_NAME = BreakoutSpriteKitTutorialTests;
				TEST_HOST = "$(BUNDLE_LOADER)";
				WRAPPER_EXTENSION = xctest;
			};
			name = Debug;
		};
		66DF6A5117FB871B00CC9BD1 /* Release */ = {
			isa = XCBuildConfiguration;
			buildSettings = {
				BUNDLE_LOADER = "$(BUILT_PRODUCTS_DIR)/BreakoutSpriteKitTutorial.app/BreakoutSpriteKitTutorial";
				FRAMEWORK_SEARCH_PATHS = (
					"$(SDKROOT)/Developer/Library/Frameworks",
					"$(inherited)",
					"$(DEVELOPER_FRAMEWORKS_DIR)",
				);
				GCC_PRECOMPILE_PREFIX_HEADER = YES;
				GCC_PREFIX_HEADER = "BreakoutSpriteKitTutorial/BreakoutSpriteKitTutorial-Prefix.pch";
				INFOPLIST_FILE = "BreakoutSpriteKitTutorialTests/BreakoutSpriteKitTutorialTests-Info.plist";
				PRODUCT_NAME = BreakoutSpriteKitTutorialTests;
				TEST_HOST = "$(BUNDLE_LOADER)";
				WRAPPER_EXTENSION = xctest;
			};
			name = Release;
		};
/* End XCBuildConfiguration section */

/* Begin XCConfigurationList section */
		66DF6A0E17FB871B00CC9BD1 /* Build configuration list for PBXProject "BreakoutSpriteKitTutorial" */ = {
			isa = XCConfigurationList;
			buildConfigurations = (
				66DF6A4A17FB871B00CC9BD1 /* Debug */,
				66DF6A4B17FB871B00CC9BD1 /* Release */,
			);
			defaultConfigurationIsVisible = 0;
			defaultConfigurationName = Release;
		};
		66DF6A4C17FB871B00CC9BD1 /* Build configuration list for PBXNativeTarget "BreakoutSpriteKitTutorial" */ = {
			isa = XCConfigurationList;
			buildConfigurations = (
				66DF6A4D17FB871B00CC9BD1 /* Debug */,
				66DF6A4E17FB871B00CC9BD1 /* Release */,
			);
			defaultConfigurationIsVisible = 0;
			defaultConfigurationName = Release;
		};
		66DF6A4F17FB871B00CC9BD1 /* Build configuration list for PBXNativeTarget "BreakoutSpriteKitTutorialTests" */ = {
			isa = XCConfigurationList;
			buildConfigurations = (
				66DF6A5017FB871B00CC9BD1 /* Debug */,
				66DF6A5117FB871B00CC9BD1 /* Release */,
			);
			defaultConfigurationIsVisible = 0;
			defaultConfigurationName = Release;
		};
/* End XCConfigurationList section */
	};
	rootObject = 66DF6A0B17FB871B00CC9BD1 /* Project object */;
}
